
Microsoft Visual Studio Solution File, Format Version 12.00
# Visual Studio Version 17
VisualStudioVersion = 17.13.35825.156 d17.13
MinimumVisualStudioVersion = 10.0.40219.1
Project("{FAE04EC0-301F-11D3-BF4B-00C04F79EFBC}") = "U2Prototipo", "U2Prototipo.csproj", "{D489866A-C12C-45AD-BFBF-6538861557A4}"
EndProject
Global
	GlobalSection(SolutionConfigurationPlatforms) = preSolution
		Debug|Any CPU = Debug|Any CPU
		Release|Any CPU = Release|Any CPU
	EndGlobalSection
	GlobalSection(ProjectConfigurationPlatforms) = postSolution
		{D489866A-C12C-45AD-BFBF-6538861557A4}.Debug|Any CPU.ActiveCfg = Debug|Any CPU
		{D489866A-C12C-45AD-BFBF-6538861557A4}.Debug|Any CPU.Build.0 = Debug|Any CPU
		{D489866A-C12C-45AD-BFBF-6538861557A4}.Release|Any CPU.ActiveCfg = Release|Any CPU
		{D489866A-C12C-45AD-BFBF-6538861557A4}.Release|Any CPU.Build.0 = Release|Any CPU
	EndGlobalSection
	GlobalSection(SolutionProperties) = preSolution
		HideSolutionNode = FALSE
	EndGlobalSection
	GlobalSection(ExtensibilityGlobals) = postSolution
		SolutionGuid = {E24953C9-DE53-4B21-B9EB-51F1054A7474}
	EndGlobalSection
EndGlobal
